Microsoft Visual Studio Solution File, Format Version 8.00
Project("{F184B08F-C81C-45F6-A57F-5ABD9991F28F}") = "utilitiesTest", "utilitiesTest.vbproj", "{B80405DC-4881-4098-9A83-01206652CCDA}"
	ProjectSection(ProjectDependencies) = postProject
	EndProjectSection
EndProject
Global
	GlobalSection(SolutionConfiguration) = preSolution
		Debug = Debug
		Release = Release
	EndGlobalSection
	GlobalSection(ProjectConfiguration) = postSolution
		{B80405DC-4881-4098-9A83-01206652CCDA}.Debug.ActiveCfg = Debug|.NET
		{B80405DC-4881-4098-9A83-01206652CCDA}.Debug.Build.0 = Debug|.NET
		{B80405DC-4881-4098-9A83-01206652CCDA}.Release.ActiveCfg = Release|.NET
		{B80405DC-4881-4098-9A83-01206652CCDA}.Release.Build.0 = Release|.NET
	EndGlobalSection
	GlobalSection(ExtensibilityGlobals) = postSolution
	EndGlobalSection
	GlobalSection(ExtensibilityAddIns) = postSolution
	EndGlobalSection
EndGlobal
